version = 1
revision = 2
requires-python = ">=3.12"

[[package]]
name = "duckdb"
version = "1.2.2"
source = { registry = "https://pypi.org/simple" }
sdist = { url = "https://files.pythonhosted.org/packages/28/b8/0f86278684fb7a1fac7c0c869fc6d68ed005cdc91c963eb4373e0551bc0a/duckdb-1.2.2.tar.gz", hash = "sha256:1e53555dece49201df08645dbfa4510c86440339889667702f936b7d28d39e43", size = 11595514, upload_time = "2025-04-08T08:47:20.234Z" }
wheels = [
    { url = "https://files.pythonhosted.org/packages/77/25/549f68e55e1b455bd2daf2e5fc912000a3139fe0395111b3d49b23a2cec1/duckdb-1.2.2-cp312-cp312-macosx_12_0_arm64.whl", hash = "sha256:f745379f44ad302560688855baaed9739c03b37a331338eda6a4ac655e4eb42f", size = 15271882, upload_time = "2025-04-08T08:45:57.156Z" },
    { url = "https://files.pythonhosted.org/packages/f6/84/13de7bf9056dcc7a346125d9a9f0f26f76c633db6b54052738f78f828538/duckdb-1.2.2-cp312-cp312-macosx_12_0_universal2.whl", hash = "sha256:087713fc5958cae5eb59097856b3deaae0def021660c8f2052ec83fa8345174a", size = 31964873, upload_time = "2025-04-08T08:45:59.701Z" },
    { url = "https://files.pythonhosted.org/packages/0f/53/c8d2d56a801b7843ea87f8533a3634e6b38f06910098a266f8a096bd4c61/duckdb-1.2.2-cp312-cp312-macosx_12_0_x86_64.whl", hash = "sha256:a1f96395319c447a31b9477881bd84b4cb8323d6f86f21ceaef355d22dd90623", size = 16800653, upload_time = "2025-04-08T08:46:02.527Z" },
    { url = "https://files.pythonhosted.org/packages/bb/36/e25791d879fb93b92a56bf481ce11949ab19109103ae2ba12d64e49355d9/duckdb-1.2.2-cp312-cp312-manylinux_2_17_aarch64.manylinux2014_aarch64.whl", hash = "sha256:6aba3bc0acf4f8d52b94f7746c3b0007b78b517676d482dc516d63f48f967baf", size = 18735524, upload_time = "2025-04-08T08:46:04.842Z" },
    { url = "https://files.pythonhosted.org/packages/d7/46/4745aa10a1e460f4c8b473eddaffe2c783ac5280e1e5929dd84bd1a1acde/duckdb-1.2.2-cp312-cp312-manylinux_2_17_x86_64.manylinux2014_x86_64.whl", hash = "sha256:e5c1556775a9ebaa49b5c8d64718f155ac3e05b34a49e9c99443cf105e8b0371", size = 20210314, upload_time = "2025-04-08T08:46:07.052Z" },
    { url = "https://files.pythonhosted.org/packages/ff/0d/8563fc5ece36252e3d07dd3d29c7a0a034dcf62f14bed7cdc016d95adcbe/duckdb-1.2.2-cp312-cp312-manylinux_2_24_aarch64.manylinux_2_28_aarch64.whl", hash = "sha256:d625cc7d2faacfb2fc83ebbe001ae75dda175b3d8dce6a51a71c199ffac3627a", size = 18755134, upload_time = "2025-04-08T08:46:09.274Z" },
    { url = "https://files.pythonhosted.org/packages/11/f1/b7ade7d980eee4fb3ad7469ccf23adb3668a9a28cf3989b24418392d3786/duckdb-1.2.2-cp312-cp312-musllinux_1_2_x86_64.whl", hash = "sha256:73263f81545c5cb4360fbaf7b22a493e55ddf88fadbe639c43efb7bc8d7554c4", size = 22294397, upload_time = "2025-04-08T08:46:11.476Z" },
    { url = "https://files.pythonhosted.org/packages/eb/c9/896e8ced7b408df81e015fe0c6497cda46c92d9dfc8bf84b6d13f5dad473/duckdb-1.2.2-cp312-cp312-win_amd64.whl", hash = "sha256:b1c0c4d737fd2ab9681e4e78b9f361e0a827916a730e84fa91e76dca451b14d5", size = 11370381, upload_time = "2025-04-08T08:46:13.549Z" },
    { url = "https://files.pythonhosted.org/packages/41/31/5e2f68cbd000137f6ed52092ad83a8e9c09eca70c59e0b4c5eb679709997/duckdb-1.2.2-cp313-cp313-macosx_12_0_arm64.whl", hash = "sha256:fb9a2c77236fae079185a990434cb9d8432902488ba990235c702fc2692d2dcd", size = 15272507, upload_time = "2025-04-08T08:46:15.605Z" },
    { url = "https://files.pythonhosted.org/packages/d2/15/aa9078fc897e744e077c0c1510e34db4c809de1d51ddb5cb62e1f9c61312/duckdb-1.2.2-cp313-cp313-macosx_12_0_universal2.whl", hash = "sha256:d8bb89e580cb9a3aaf42e4555bf265d3db9446abfb118e32150e1a5dfa4b5b15", size = 31965548, upload_time = "2025-04-08T08:46:18.593Z" },
    { url = "https://files.pythonhosted.org/packages/9f/28/943773d44fd97055c59b58dde9182733661c2b6e3b3549f15dc26b2e139e/duckdb-1.2.2-cp313-cp313-macosx_12_0_x86_64.whl", hash = "sha256:88916d7f0532dc926bed84b50408c00dcbe6d2097d0de93c3ff647d8d57b4f83", size = 16800600, upload_time = "2025-04-08T08:46:21.51Z" },
    { url = "https://files.pythonhosted.org/packages/39/51/2caf01e7791e490290798c8c155d4d702ed61d69e815915b42e72b3e7473/duckdb-1.2.2-cp313-cp313-manylinux_2_17_aarch64.manylinux2014_aarch64.whl", hash = "sha256:30bece4f58a6c7bb0944a02dd1dc6de435a9daf8668fa31a9fe3a9923b20bd65", size = 18735886, upload_time = "2025-04-08T08:46:24.26Z" },
    { url = "https://files.pythonhosted.org/packages/87/0c/48ae1d485725af3a452303af409a9022d751ecab260cb9ca2f8c9fb670bc/duckdb-1.2.2-cp313-cp313-manylinux_2_17_x86_64.manylinux2014_x86_64.whl", hash = "sha256:2bd2c6373b8b54474724c2119f6939c4568c428e1d0be5bcb1f4e3d7f1b7c8bb", size = 20210481, upload_time = "2025-04-08T08:46:26.717Z" },
    { url = "https://files.pythonhosted.org/packages/69/c7/95fcd7bde0f754ea6700208d36b845379cbd2b28779c0eff4dd4a7396369/duckdb-1.2.2-cp313-cp313-manylinux_2_24_aarch64.manylinux_2_28_aarch64.whl", hash = "sha256:72f688a8b0df7030c5a28ca6072817c1f090979e08d28ee5912dee37c26a7d0c", size = 18756619, upload_time = "2025-04-08T08:46:29.035Z" },
    { url = "https://files.pythonhosted.org/packages/ad/1b/c9eab9e84d4a70dd5f7e2a93dd6e9d7b4d868d3df755cd58b572d82d6c5d/duckdb-1.2.2-cp313-cp313-musllinux_1_2_x86_64.whl", hash = "sha256:26e9c349f56f7c99341b5c79bbaff5ba12a5414af0261e79bf1a6a2693f152f6", size = 22294667, upload_time = "2025-04-08T08:46:31.295Z" },
    { url = "https://files.pythonhosted.org/packages/3f/3d/ce68db53084746a4a62695a4cb064e44ce04123f8582bb3afbf6ee944e16/duckdb-1.2.2-cp313-cp313-win_amd64.whl", hash = "sha256:e1aec7102670e59d83512cf47d32a6c77a79df9df0294c5e4d16b6259851e2e9", size = 11370206, upload_time = "2025-04-08T08:46:33.472Z" },
]

[[package]]
name = "mallardetl"
version = "0.1.2"
source = { editable = "." }
dependencies = [
    { name = "duckdb" },
]

[package.metadata]
requires-dist = [{ name = "duckdb", specifier = "==1.*" }]
